Microsoft Visual Studio Solution File, Format Version 10.00
# Visual Studio 2008

Project("{8256EAF8-6B69-D029-755F-E76EC3BE0DE8}") = "Through the Hoop", "Assembly-CSharp-firstpass.csproj", "{B9CD3778-5B54-575D-85A9-9D2AF463AD52}"
EndProject
Project("{8256EAF8-6B69-D029-755F-E76EC3BE0DE8}") = "Through the Hoop", "Assembly-UnityScript-firstpass.unityproj", "{E2671AD1-FA18-D1B0-9CBE-9044F4641F63}"
EndProject
Project("{8256EAF8-6B69-D029-755F-E76EC3BE0DE8}") = "Through the Hoop", "Assembly-UnityScript.unityproj", "{A4ADF37B-871A-4369-1520-BA4B7A047F28}"
EndProject
Project("{8256EAF8-6B69-D029-755F-E76EC3BE0DE8}") = "Through the Hoop", "Assembly-UnityScript-Editor-firstpass.unityproj", "{3B077D80-9F41-4092-DF07-205E93095584}"
EndProject
Global
	GlobalSection(SolutionConfigurationPlatforms) = preSolution
		Debug|Any CPU = Debug|Any CPU
		Release|Any CPU = Release|Any CPU
	EndGlobalSection
	GlobalSection(ProjectConfigurationPlatforms) = postSolution
		{B9CD3778-5B54-575D-85A9-9D2AF463AD52}.Debug|Any CPU.ActiveCfg = Debug|Any CPU
		{B9CD3778-5B54-575D-85A9-9D2AF463AD52}.Debug|Any CPU.Build.0 = Debug|Any CPU
		{B9CD3778-5B54-575D-85A9-9D2AF463AD52}.Release|Any CPU.ActiveCfg = Release|Any CPU
		{B9CD3778-5B54-575D-85A9-9D2AF463AD52}.Release|Any CPU.Build.0 = Release|Any CPU
		{E2671AD1-FA18-D1B0-9CBE-9044F4641F63}.Debug|Any CPU.ActiveCfg = Debug|Any CPU
		{E2671AD1-FA18-D1B0-9CBE-9044F4641F63}.Debug|Any CPU.Build.0 = Debug|Any CPU
		{E2671AD1-FA18-D1B0-9CBE-9044F4641F63}.Release|Any CPU.ActiveCfg = Release|Any CPU
		{E2671AD1-FA18-D1B0-9CBE-9044F4641F63}.Release|Any CPU.Build.0 = Release|Any CPU
		{A4ADF37B-871A-4369-1520-BA4B7A047F28}.Debug|Any CPU.ActiveCfg = Debug|Any CPU
		{A4ADF37B-871A-4369-1520-BA4B7A047F28}.Debug|Any CPU.Build.0 = Debug|Any CPU
		{A4ADF37B-871A-4369-1520-BA4B7A047F28}.Release|Any CPU.ActiveCfg = Release|Any CPU
		{A4ADF37B-871A-4369-1520-BA4B7A047F28}.Release|Any CPU.Build.0 = Release|Any CPU
		{3B077D80-9F41-4092-DF07-205E93095584}.Debug|Any CPU.ActiveCfg = Debug|Any CPU
		{3B077D80-9F41-4092-DF07-205E93095584}.Debug|Any CPU.Build.0 = Debug|Any CPU
		{3B077D80-9F41-4092-DF07-205E93095584}.Release|Any CPU.ActiveCfg = Release|Any CPU
		{3B077D80-9F41-4092-DF07-205E93095584}.Release|Any CPU.Build.0 = Release|Any CPU
	EndGlobalSection
	GlobalSection(SolutionProperties) = preSolution
		HideSolutionNode = FALSE
	EndGlobalSection
	
EndGlobal
